// !$*UTF8*$!
{
	archiveVersion = 1;
	classes = {
	};
	objectVersion = 46;
	objects = {

/* Begin PBXBuildFile section */
		AEA17F5E1E1CD7E500CB004F /* AppDelegate.swift in Sources */ = {isa = PBXBuildFile; fileRef = AEA17F5D1E1CD7E500CB004F /* AppDelegate.swift */; };
		AEA17F601E1CD7E500CB004F /* ViewController.swift in Sources */ = {isa = PBXBuildFile; fileRef = AEA17F5F1E1CD7E500CB004F /* ViewController.swift */; };
		AEA17F631E1CD7E500CB004F /* Main.storyboard in Resources */ = {isa = PBXBuildFile; fileRef = AEA17F611E1CD7E500CB004F /* Main.storyboard */; };
		AEA17F651E1CD7E500CB004F /* Assets.xcassets in Resources */ = {isa = PBXBuildFile; fileRef = AEA17F641E1CD7E500CB004F /* Assets.xcassets */; };
		AEA17F681E1CD7E500CB004F /* LaunchScreen.storyboard in Resources */ = {isa = PBXBuildFile; fileRef = AEA17F661E1CD7E500CB004F /* LaunchScreen.storyboard */; };
/* End PBXBuildFile section */

/* Begin PBXFileReference section */
		AEA17F5A1E1CD7E500CB004F /* DouYuLive.app */ = {isa = PBXFileReference; explicitFileType = wrapper.application; includeInIndex = 0; path = DouYuLive.app; sourceTree = BUILT_PRODUCTS_DIR; };
		AEA17F5D1E1CD7E500CB004F /* AppDelegate.swift */ = {isa = PBXFileReference; lastKnownFileType = sourcecode.swift; path = AppDelegate.swift; sourceTree = "<group>"; };
		AEA17F5F1E1CD7E500CB004F /* ViewController.swift */ = {isa = PBXFileReference; lastKnownFileType = sourcecode.swift; path = ViewController.swift; sourceTree = "<group>"; };
		AEA17F621E1CD7E500CB004F /* Base */ = {isa = PBXFileReference; lastKnownFileType = file.storyboard; name = Base; path = Base.lproj/Main.storyboard; sourceTree = "<group>"; };
		AEA17F641E1CD7E500CB004F /* Assets.xcassets */ = {isa = PBXFileReference; lastKnownFileType = folder.assetcatalog; path = Assets.xcassets; sourceTree = "<group>"; };
		AEA17F671E1CD7E500CB004F /* Base */ = {isa = PBXFileReference; lastKnownFileType = file.storyboard; name = Base; path = Base.lproj/LaunchScreen.storyboard; sourceTree = "<group>"; };
		AEA17F691E1CD7E500CB004F /* Info.plist */ = {isa = PBXFileReference; lastKnownFileType = text.plist.xml; path = Info.plist; sourceTree = "<group>"; };
/* End PBXFileReference section */

/* Begin PBXFrameworksBuildPhase section */
		AEA17F571E1CD7E500CB004F /* Frameworks */ = {
			isa = PBXFrameworksBuildPhase;
			buildActionMask = 2147483647;
			files = (
			);
			runOnlyForDeploymentPostprocessing = 0;
		};
/* End PBXFrameworksBuildPhase section */

/* Begin PBXGroup section */
		AEA17F511E1CD7E500CB004F = {
			isa = PBXGroup;
			children = (
				AEA17F5C1E1CD7E500CB004F /* DouYuLive */,
				AEA17F5B1E1CD7E500CB004F /* Products */,
			);
			sourceTree = "<group>";
		};
		AEA17F5B1E1CD7E500CB004F /* Products */ = {
			isa = PBXGroup;
			children = (
				AEA17F5A1E1CD7E500CB004F /* DouYuLive.app */,
			);
			name = Products;
			sourceTree = "<group>";
		};
		AEA17F5C1E1CD7E500CB004F /* DouYuLive */ = {
			isa = PBXGroup;
			children = (
				AEA17F5D1E1CD7E500CB004F /* AppDelegate.swift */,
				AEA17F5F1E1CD7E500CB004F /* ViewController.swift */,
				AEA17F611E1CD7E500CB004F /* Main.storyboard */,
				AEA17F641E1CD7E500CB004F /* Assets.xcassets */,
				AEA17F661E1CD7E500CB004F /* LaunchScreen.storyboard */,
				AEA17F691E1CD7E500CB004F /* Info.plist */,
			);
			path = DouYuLive;
			sourceTree = "<group>";
		};
/* End PBXGroup section */

/* Begin PBXNativeTarget section */
		AEA17F591E1CD7E500CB004F /* DouYuLive */ = {
			isa = PBXNativeTarget;
			buildConfigurationList = AEA17F6C1E1CD7E500CB004F /* Build configuration list for PBXNativeTarget "DouYuLive" */;
			buildPhases = (
				AEA17F561E1CD7E500CB004F /* Sources */,
				AEA17F571E1CD7E500CB004F /* Frameworks */,
				AEA17F581E1CD7E500CB004F /* Resources */,
			);
			buildRules = (
			);
			dependencies = (
			);
			name = DouYuLive;
			productName = DouYuLive;
			productReference = AEA17F5A1E1CD7E500CB004F /* DouYuLive.app */;
			productType = "com.apple.product-type.application";
		};
/* End PBXNativeTarget section */

/* Begin PBXProject section */
		AEA17F521E1CD7E500CB004F /* Project object */ = {
			isa = PBXProject;
			attributes = {
				LastSwiftUpdateCheck = 0820;
				LastUpgradeCheck = 0820;
				ORGANIZATIONNAME = wujian;
				TargetAttributes = {
					AEA17F591E1CD7E500CB004F = {
						CreatedOnToolsVersion = 8.2.1;
						ProvisioningStyle = Automatic;
					};
				};
			};
			buildConfigurationList = AEA17F551E1CD7E500CB004F /* Build configuration list for PBXProject "DouYuLive" */;
			compatibilityVersion = "Xcode 3.2";
			developmentRegion = English;
			hasScannedForEncodings = 0;
			knownRegions = (
				en,
				Base,
			);
			mainGroup = AEA17F511E1CD7E500CB004F;
			productRefGroup = AEA17F5B1E1CD7E500CB004F /* Products */;
			projectDirPath = "";
			projectRoot = "";
			targets = (
				AEA17F591E1CD7E500CB004F /* DouYuLive */,
			);
		};
/* End PBXProject section */

/* Begin PBXResourcesBuildPhase section */
		AEA17F581E1CD7E500CB004F /* Resources */ = {
			isa = PBXResourcesBuildPhase;
			buildActionMask = 2147483647;
			files = (
				AEA17F681E1CD7E500CB004F /* LaunchScreen.storyboard in Resources */,
				AEA17F651E1CD7E500CB004F /* Assets.xcassets in Resources */,
				AEA17F631E1CD7E500CB004F /* Main.storyboard in Resources */,
			);
			runOnlyForDeploymentPostprocessing = 0;
		};
/* End PBXResourcesBuildPhase section */

/* Begin PBXSourcesBuildPhase section */
		AEA17F561E1CD7E500CB004F /* Sources */ = {
			isa = PBXSourcesBuildPhase;
			buildActionMask = 2147483647;
			files = (
				AEA17F601E1CD7E500CB004F /* ViewController.swift in Sources */,
				AEA17F5E1E1CD7E500CB004F /* AppDelegate.swift in Sources */,
			);
			runOnlyForDeploymentPostprocessing = 0;
		};
/* End PBXSourcesBuildPhase section */

/* Begin PBXVariantGroup section */
		AEA17F611E1CD7E500CB004F /* Main.storyboard */ = {
			isa = PBXVariantGroup;
			children = (
				AEA17F621E1CD7E500CB004F /* Base */,
			);
			name = Main.storyboard;
			sourceTree = "<group>";
		};
		AEA17F661E1CD7E500CB004F /* LaunchScreen.storyboard */ = {
			isa = PBXVariantGroup;
			children = (
				AEA17F671E1CD7E500CB004F /* Base */,
			);
			name = LaunchScreen.storyboard;
			sourceTree = "<group>";
		};
/* End PBXVariantGroup section */

/* Begin XCBuildConfiguration section */
		AEA17F6A1E1CD7E500CB004F /* Debug */ = {
			isa = XCBuildConfiguration;
			buildSettings = {
				ALWAYS_SEARCH_USER_PATHS = NO;
				CLANG_ANALYZER_NONNULL = YES;
				CLANG_CXX_LANGUAGE_STANDARD = "gnu++0x";
				CLANG_CXX_LIBRARY = "libc++";
				CLANG_ENABLE_MODULES = YES;
				CLANG_ENABLE_OBJC_ARC = YES;
				CLANG_WARN_BOOL_CONVERSION = YES;
				CLANG_WARN_CONSTANT_CONVERSION = YES;
				CLANG_WARN_DIRECT_OBJC_ISA_USAGE = YES_ERROR;
				CLANG_WARN_DOCUMENTATION_COMMENTS = YES;
				CLANG_WARN_EMPTY_BODY = YES;
				CLANG_WARN_ENUM_CONVERSION = YES;
				CLANG_WARN_INFINITE_RECURSION = YES;
				CLANG_WARN_INT_CONVERSION = YES;
				CLANG_WARN_OBJC_ROOT_CLASS = YES_ERROR;
				CLANG_WARN_SUSPICIOUS_MOVE = YES;
				CLANG_WARN_UNREACHABLE_CODE = YES;
				CLANG_WARN__DUPLICATE_METHOD_MATCH = YES;
				"CODE_SIGN_IDENTITY[sdk=iphoneos*]" = "iPhone Developer";
				COPY_PHASE_STRIP = NO;
				DEBUG_INFORMATION_FORMAT = dwarf;
				ENABLE_STRICT_OBJC_MSGSEND = YES;
				ENABLE_TESTABILITY = YES;
				GCC_C_LANGUAGE_STANDARD = gnu99;
				GCC_DYNAMIC_NO_PIC = NO;
				GCC_NO_COMMON_BLOCKS = YES;
				GCC_OPTIMIZATION_LEVEL = 0;
				GCC_PREPROCESSOR_DEFINITIONS = (
					"DEBUG=1",
					"$(inherited)",
				);
				GCC_WARN_64_TO_32_BIT_CONVERSION = YES;
				GCC_WARN_ABOUT_RETURN_TYPE = YES_ERROR;
				GCC_WARN_UNDECLARED_SELECTOR = YES;
				GCC_WARN_UNINITIALIZED_AUTOS = YES_AGGRESSIVE;
				GCC_WARN_UNUSED_FUNCTION = YES;
				GCC_WARN_UNUSED_VARIABLE = YES;
				IPHONEOS_DEPLOYMENT_TARGET = 10.2;
				MTL_ENABLE_DEBUG_INFO = YES;
				ONLY_ACTIVE_ARCH = YES;
				SDKROOT = iphoneos;
				SWIFT_ACTIVE_COMPILATION_CONDITIONS = DEBUG;
				SWIFT_OPTIMIZATION_LEVEL = "-Onone";
				TARGETED_DEVICE_FAMILY = "1,2";
			};
			name = Debug;
		};
		AEA17F6B1E1CD7E500CB004F /* Release */ = {
			isa = XCBuildConfiguration;
			buildSettings = {
				ALWAYS_SEARCH_USER_PATHS = NO;
				CLANG_ANALYZER_NONNULL = YES;
				CLANG_CXX_LANGUAGE_STANDARD = "gnu++0x";
				CLANG_CXX_LIBRARY = "libc++";
				CLANG_ENABLE_MODULES = YES;
				CLANG_ENABLE_OBJC_ARC = YES;
				CLANG_WARN_BOOL_CONVERSION = YES;
				CLANG_WARN_CONSTANT_CONVERSION = YES;
				CLANG_WARN_DIRECT_OBJC_ISA_USAGE = YES_ERROR;
				CLANG_WARN_DOCUMENTATION_COMMENTS = YES;
				CLANG_WARN_EMPTY_BODY = YES;
				CLANG_WARN_ENUM_CONVERSION = YES;
				CLANG_WARN_INFINITE_RECURSION = YES;
				CLANG_WARN_INT_CONVERSION = YES;
				CLANG_WARN_OBJC_ROOT_CLASS = YES_ERROR;
				CLANG_WARN_SUSPICIOUS_MOVE = YES;
				CLANG_WARN_UNREACHABLE_CODE = YES;
				CLANG_WARN__DUPLICATE_METHOD_MATCH = YES;
				"CODE_SIGN_IDENTITY[sdk=iphoneos*]" = "iPhone Developer";
				COPY_PHASE_STRIP = NO;
				DEBUG_INFORMATION_FORMAT = "dwarf-with-dsym";
				ENABLE_NS_ASSERTIONS = NO;
				ENABLE_STRICT_OBJC_MSGSEND = YES;
				GCC_C_LANGUAGE_STANDARD = gnu99;
				GCC_NO_COMMON_BLOCKS = YES;
				GCC_WARN_64_TO_32_BIT_CONVERSION = YES;
				GCC_WARN_ABOUT_RETURN_TYPE = YES_ERROR;
				GCC_WARN_UNDECLARED_SELECTOR = YES;
				GCC_WARN_UNINITIALIZED_AUTOS = YES_AGGRESSIVE;
				GCC_WARN_UNUSED_FUNCTION = YES;
				GCC_WARN_UNUSED_VARIABLE = YES;
				IPHONEOS_DEPLOYMENT_TARGET = 10.2;
				MTL_ENABLE_DEBUG_INFO = NO;
				SDKROOT = iphoneos;
				SWIFT_OPTIMIZATION_LEVEL = "-Owholemodule";
				TARGETED_DEVICE_FAMILY = "1,2";
				VALIDATE_PRODUCT = YES;
			};
			name = Release;
		};
		AEA17F6D1E1CD7E500CB004F /* Debug */ = {
			isa = XCBuildConfiguration;
			buildSettings = {
				ASSETCATALOG_COMPILER_APPICON_NAME = AppIcon;
				INFOPLIST_FILE = DouYuLive/Info.plist;
				LD_RUNPATH_SEARCH_PATHS = "$(inherited) @executable_path/Frameworks";
				PRODUCT_BUNDLE_IDENTIFIER = com.wujian.DouYuLive;
				PRODUCT_NAME = "$(TARGET_NAME)";
				SWIFT_VERSION = 3.0;
			};
			name = Debug;
		};
		AEA17F6E1E1CD7E500CB004F /* Release */ = {
			isa = XCBuildConfiguration;
			buildSettings = {
				ASSETCATALOG_COMPILER_APPICON_NAME = AppIcon;
				INFOPLIST_FILE = DouYuLive/Info.plist;
				LD_RUNPATH_SEARCH_PATHS = "$(inherited) @executable_path/Frameworks";
				PRODUCT_BUNDLE_IDENTIFIER = com.wujian.DouYuLive;
				PRODUCT_NAME = "$(TARGET_NAME)";
				SWIFT_VERSION = 3.0;
			};
			name = Release;
		};
/* End XCBuildConfiguration section */

/* Begin XCConfigurationList section */
		AEA17F551E1CD7E500CB004F /* Build configuration list for PBXProject "DouYuLive" */ = {
			isa = XCConfigurationList;
			buildConfigurations = (
				AEA17F6A1E1CD7E500CB004F /* Debug */,
				AEA17F6B1E1CD7E500CB004F /* Release */,
			);
			defaultConfigurationIsVisible = 0;
			defaultConfigurationName = Release;
		};
		AEA17F6C1E1CD7E500CB004F /* Build configuration list for PBXNativeTarget "DouYuLive" */ = {
			isa = XCConfigurationList;
			buildConfigurations = (
				AEA17F6D1E1CD7E500CB004F /* Debug */,
				AEA17F6E1E1CD7E500CB004F /* Release */,
			);
			defaultConfigurationIsVisible = 0;
		};
/* End XCConfigurationList section */
	};
	rootObject = AEA17F521E1CD7E500CB004F /* Project object */;
}
